
Microsoft Visual Studio Solution File, Format Version 12.00
# Visual Studio Version 17
VisualStudioVersion = 17.3.32929.385
MinimumVisualStudioVersion = 10.0.40219.1
Project("{FAE04EC0-301F-11D3-BF4B-00C04F79EFBC}") = "ApiGateway", "ApiGateway.csproj", "{7EC0F5EC-9087-49CB-AFC2-1506FBF5FCE6}"
EndProject
Global
	GlobalSection(SolutionConfigurationPlatforms) = preSolution
		Debug|Any CPU = Debug|Any CPU
		Release|Any CPU = Release|Any CPU
	EndGlobalSection
	GlobalSection(ProjectConfigurationPlatforms) = postSolution
		{7EC0F5EC-9087-49CB-AFC2-1506FBF5FCE6}.Debug|Any CPU.ActiveCfg = Debug|Any CPU
		{7EC0F5EC-9087-49CB-AFC2-1506FBF5FCE6}.Debug|Any CPU.Build.0 = Debug|Any CPU
		{7EC0F5EC-9087-49CB-AFC2-1506FBF5FCE6}.Release|Any CPU.ActiveCfg = Release|Any CPU
		{7EC0F5EC-9087-49CB-AFC2-1506FBF5FCE6}.Release|Any CPU.Build.0 = Release|Any CPU
	EndGlobalSection
	GlobalSection(SolutionProperties) = preSolution
		HideSolutionNode = FALSE
	EndGlobalSection
	GlobalSection(ExtensibilityGlobals) = postSolution
		SolutionGuid = {CAA21579-FB86-43CE-878D-C6123D044E57}
	EndGlobalSection
EndGlobal
